
Microsoft Visual Studio Solution File, Format Version 12.00
# Visual Studio Version 17
VisualStudioVersion = 17.9.34622.214
MinimumVisualStudioVersion = 10.0.40219.1
Project("{FAE04EC0-301F-11D3-BF4B-00C04F79EFBC}") = "BlazorApptest", "BlazorApptest\BlazorApptest.csproj", "{1FDB2C43-B01E-4BEB-AFC6-355766BEB677}"
EndProject
Global
	GlobalSection(SolutionConfigurationPlatforms) = preSolution
		Debug|Any CPU = Debug|Any CPU
		Release|Any CPU = Release|Any CPU
	EndGlobalSection
	GlobalSection(ProjectConfigurationPlatforms) = postSolution
		{1FDB2C43-B01E-4BEB-AFC6-355766BEB677}.Debug|Any CPU.ActiveCfg = Debug|Any CPU
		{1FDB2C43-B01E-4BEB-AFC6-355766BEB677}.Debug|Any CPU.Build.0 = Debug|Any CPU
		{1FDB2C43-B01E-4BEB-AFC6-355766BEB677}.Release|Any CPU.ActiveCfg = Release|Any CPU
		{1FDB2C43-B01E-4BEB-AFC6-355766BEB677}.Release|Any CPU.Build.0 = Release|Any CPU
	EndGlobalSection
	GlobalSection(SolutionProperties) = preSolution
		HideSolutionNode = FALSE
	EndGlobalSection
	GlobalSection(ExtensibilityGlobals) = postSolution
		SolutionGuid = {BB286BFD-D8C5-4459-A968-328463945487}
	EndGlobalSection
EndGlobal
